
Microsoft Visual Studio Solution File, Format Version 12.00
# Visual Studio Version 17
VisualStudioVersion = 17.4.33205.214
MinimumVisualStudioVersion = 10.0.40219.1
Project("{9A19103F-16F7-4668-BE54-9A1E7A4F7556}") = "Evented.Web", "Evented.Web\Evented.Web.csproj", "{D0C67598-5B60-4814-94DC-DBB78CFD36A8}"
EndProject
Project("{9A19103F-16F7-4668-BE54-9A1E7A4F7556}") = "Evented.DAL", "Evented.DAL\Evented.DAL.csproj", "{314A201B-01B5-42E6-A9BC-22F8A17C4159}"
EndProject
Project("{9A19103F-16F7-4668-BE54-9A1E7A4F7556}") = "Evented.Domain", "Evented.Domain\Evented.Domain.csproj", "{32821AC7-271A-4095-B8F4-D6FDC4373237}"
EndProject
Project("{9A19103F-16F7-4668-BE54-9A1E7A4F7556}") = "Evented.Service", "Evented.Service\Evented.Service.csproj", "{7F314051-6837-45FE-AA9B-15C3BD0B9A10}"
EndProject
Global
	GlobalSection(SolutionConfigurationPlatforms) = preSolution
		Debug|Any CPU = Debug|Any CPU
		Release|Any CPU = Release|Any CPU
	EndGlobalSection
	GlobalSection(ProjectConfigurationPlatforms) = postSolution
		{D0C67598-5B60-4814-94DC-DBB78CFD36A8}.Debug|Any CPU.ActiveCfg = Debug|Any CPU
		{D0C67598-5B60-4814-94DC-DBB78CFD36A8}.Debug|Any CPU.Build.0 = Debug|Any CPU
		{D0C67598-5B60-4814-94DC-DBB78CFD36A8}.Release|Any CPU.ActiveCfg = Release|Any CPU
		{D0C67598-5B60-4814-94DC-DBB78CFD36A8}.Release|Any CPU.Build.0 = Release|Any CPU
		{314A201B-01B5-42E6-A9BC-22F8A17C4159}.Debug|Any CPU.ActiveCfg = Debug|Any CPU
		{314A201B-01B5-42E6-A9BC-22F8A17C4159}.Debug|Any CPU.Build.0 = Debug|Any CPU
		{314A201B-01B5-42E6-A9BC-22F8A17C4159}.Release|Any CPU.ActiveCfg = Release|Any CPU
		{314A201B-01B5-42E6-A9BC-22F8A17C4159}.Release|Any CPU.Build.0 = Release|Any CPU
		{32821AC7-271A-4095-B8F4-D6FDC4373237}.Debug|Any CPU.ActiveCfg = Debug|Any CPU
		{32821AC7-271A-4095-B8F4-D6FDC4373237}.Debug|Any CPU.Build.0 = Debug|Any CPU
		{32821AC7-271A-4095-B8F4-D6FDC4373237}.Release|Any CPU.ActiveCfg = Release|Any CPU
		{32821AC7-271A-4095-B8F4-D6FDC4373237}.Release|Any CPU.Build.0 = Release|Any CPU
		{7F314051-6837-45FE-AA9B-15C3BD0B9A10}.Debug|Any CPU.ActiveCfg = Debug|Any CPU
		{7F314051-6837-45FE-AA9B-15C3BD0B9A10}.Debug|Any CPU.Build.0 = Debug|Any CPU
		{7F314051-6837-45FE-AA9B-15C3BD0B9A10}.Release|Any CPU.ActiveCfg = Release|Any CPU
		{7F314051-6837-45FE-AA9B-15C3BD0B9A10}.Release|Any CPU.Build.0 = Release|Any CPU
	EndGlobalSection
	GlobalSection(SolutionProperties) = preSolution
		HideSolutionNode = FALSE
	EndGlobalSection
	GlobalSection(ExtensibilityGlobals) = postSolution
		SolutionGuid = {B47F5D8C-5F28-4225-8857-F1A09B868723}
	EndGlobalSection
EndGlobal
