
Microsoft Visual Studio Solution File, Format Version 12.00
# Visual Studio Version 17
VisualStudioVersion = 17.4.33205.214
MinimumVisualStudioVersion = 10.0.40219.1
Project("{9A19103F-16F7-4668-BE54-9A1E7A4F7556}") = "Evented.Web", "Evented.Web\Evented.Web.csproj", "{D0C67598-5B60-4814-94DC-DBB78CFD36A8}"
EndProject
Project("{9A19103F-16F7-4668-BE54-9A1E7A4F7556}") = "Evented.Service", "Application\Evented.Service.csproj", "{77C53B26-3956-43EB-A509-5A6142CEF3BF}"
EndProject
Project("{9A19103F-16F7-4668-BE54-9A1E7A4F7556}") = "Evented.Domain", "Common\Evented.Domain.csproj", "{0BABBDDD-79E1-4F5C-ADC8-C93934C60179}"
EndProject
Project("{FAE04EC0-301F-11D3-BF4B-00C04F79EFBC}") = "Evented.DAL", "Evented.DAL\Evented.DAL.csproj", "{314A201B-01B5-42E6-A9BC-22F8A17C4159}"
EndProject
Global
	GlobalSection(SolutionConfigurationPlatforms) = preSolution
		Debug|Any CPU = Debug|Any CPU
		Release|Any CPU = Release|Any CPU
	EndGlobalSection
	GlobalSection(ProjectConfigurationPlatforms) = postSolution
		{D0C67598-5B60-4814-94DC-DBB78CFD36A8}.Debug|Any CPU.ActiveCfg = Debug|Any CPU
		{D0C67598-5B60-4814-94DC-DBB78CFD36A8}.Debug|Any CPU.Build.0 = Debug|Any CPU
		{D0C67598-5B60-4814-94DC-DBB78CFD36A8}.Release|Any CPU.ActiveCfg = Release|Any CPU
		{D0C67598-5B60-4814-94DC-DBB78CFD36A8}.Release|Any CPU.Build.0 = Release|Any CPU
		{77C53B26-3956-43EB-A509-5A6142CEF3BF}.Debug|Any CPU.ActiveCfg = Debug|Any CPU
		{77C53B26-3956-43EB-A509-5A6142CEF3BF}.Debug|Any CPU.Build.0 = Debug|Any CPU
		{77C53B26-3956-43EB-A509-5A6142CEF3BF}.Release|Any CPU.ActiveCfg = Release|Any CPU
		{77C53B26-3956-43EB-A509-5A6142CEF3BF}.Release|Any CPU.Build.0 = Release|Any CPU
		{0BABBDDD-79E1-4F5C-ADC8-C93934C60179}.Debug|Any CPU.ActiveCfg = Debug|Any CPU
		{0BABBDDD-79E1-4F5C-ADC8-C93934C60179}.Debug|Any CPU.Build.0 = Debug|Any CPU
		{0BABBDDD-79E1-4F5C-ADC8-C93934C60179}.Release|Any CPU.ActiveCfg = Release|Any CPU
		{0BABBDDD-79E1-4F5C-ADC8-C93934C60179}.Release|Any CPU.Build.0 = Release|Any CPU
		{314A201B-01B5-42E6-A9BC-22F8A17C4159}.Debug|Any CPU.ActiveCfg = Debug|Any CPU
		{314A201B-01B5-42E6-A9BC-22F8A17C4159}.Debug|Any CPU.Build.0 = Debug|Any CPU
		{314A201B-01B5-42E6-A9BC-22F8A17C4159}.Release|Any CPU.ActiveCfg = Release|Any CPU
		{314A201B-01B5-42E6-A9BC-22F8A17C4159}.Release|Any CPU.Build.0 = Release|Any CPU
	EndGlobalSection
	GlobalSection(SolutionProperties) = preSolution
		HideSolutionNode = FALSE
	EndGlobalSection
	GlobalSection(ExtensibilityGlobals) = postSolution
		SolutionGuid = {B47F5D8C-5F28-4225-8857-F1A09B868723}
	EndGlobalSection
EndGlobal
